
Microsoft Visual Studio Solution File, Format Version 12.00
# Visual Studio Version 17
VisualStudioVersion = 17.8.34309.116
MinimumVisualStudioVersion = 10.0.40219.1
Project("{9A19103F-16F7-4668-BE54-9A1E7A4F7556}") = "Eryph.ConfigModel.Catlets", "src\Eryph.ConfigModel.Catlets\Eryph.ConfigModel.Catlets.csproj", "{C71E688F-5BB5-4350-BD76-0CF0E2EC9473}"
EndProject
Project("{9A19103F-16F7-4668-BE54-9A1E7A4F7556}") = "Eryph.ConfigModel.Catlets.Tests", "test\Eryph.ConfigModel.Catlets.Tests\Eryph.ConfigModel.Catlets.Tests.csproj", "{623F96D9-863D-4B21-9B88-9C76850B5996}"
EndProject
Project("{9A19103F-16F7-4668-BE54-9A1E7A4F7556}") = "Eryph.ConfigModel.System.Json", "src\Eryph.ConfigModel.System.Json\Eryph.ConfigModel.System.Json.csproj", "{36BEDF84-9E74-4A6A-A8B3-5D0FF7D2CCF1}"
EndProject
Project("{9A19103F-16F7-4668-BE54-9A1E7A4F7556}") = "Eryph.ConfigModel.Abstractions", "src\Eryph.ConfigModel.Abstractions\Eryph.ConfigModel.Abstractions.csproj", "{1A16AF8E-9F3F-4F11-89D4-22EDFF62FCC7}"
EndProject
Project("{9A19103F-16F7-4668-BE54-9A1E7A4F7556}") = "Eryph.ConfigModel.Core", "src\Eryph.ConfigModel.Core\Eryph.ConfigModel.Core.csproj", "{17C56C7B-6D72-4A97-9071-05914C2B8434}"
EndProject
Project("{9A19103F-16F7-4668-BE54-9A1E7A4F7556}") = "Eryph.ConfigModel.Networks", "src\Eryph.ConfigModel.Networks\Eryph.ConfigModel.Networks.csproj", "{A4C99176-29CE-4AE1-BE05-DA2337AC8EE2}"
EndProject
Project("{9A19103F-16F7-4668-BE54-9A1E7A4F7556}") = "Eryph.ConfigModel.Networks.Tests", "test\Eryph.ConfigModel.Networks.Tests\Eryph.ConfigModel.Networks.Tests.csproj", "{A84B3397-1572-4F17-AE73-ADE42AE61DA9}"
EndProject
Project("{9A19103F-16F7-4668-BE54-9A1E7A4F7556}") = "Eryph.ConfigModel.Catlets.Yaml", "src\Eryph.ConfigModel.Catlets.Yaml\Eryph.ConfigModel.Catlets.Yaml.csproj", "{5B8E1D21-50D9-4EC7-9775-D831A4E65664}"
EndProject
Project("{9A19103F-16F7-4668-BE54-9A1E7A4F7556}") = "Eryph.ConfigModel.Networks.Yaml", "src\Eryph.ConfigModel.Networks.Yaml\Eryph.ConfigModel.Networks.Yaml.csproj", "{B58D8917-6B08-4B4E-90FB-CD58DC0DFBEB}"
EndProject
Project("{9A19103F-16F7-4668-BE54-9A1E7A4F7556}") = "Eryph.ConfigModel.Core.Tests", "test\Eryph.ConfigModel.Core.Tests\Eryph.ConfigModel.Core.Tests.csproj", "{D6E54F22-FAE7-48F0-89C1-92BE22C215CE}"
EndProject
Project("{9A19103F-16F7-4668-BE54-9A1E7A4F7556}") = "Eryph.ConfigModel.Core.Validation", "src\Eryph.ConfigModel.Core.Validation\Eryph.ConfigModel.Core.Validation.csproj", "{5516B8A9-8AE0-434D-9295-9D43B313440A}"
EndProject
Project("{9A19103F-16F7-4668-BE54-9A1E7A4F7556}") = "Eryph.ConfigModel.Catlets.Validation", "src\Eryph.ConfigModel.Catlets.Validation\Eryph.ConfigModel.Catlets.Validation.csproj", "{3CBED338-18C8-42B4-83C9-474AD86887A0}"
EndProject
Project("{9A19103F-16F7-4668-BE54-9A1E7A4F7556}") = "Eryph.ConfigModel.Catlets.Validation.Tests", "test\Eryph.ConfigModel.Catlets.Validation.Tests\Eryph.ConfigModel.Catlets.Validation.Tests.csproj", "{048C9E53-53CD-4891-AAD9-9429021D5283}"
EndProject
Project("{9A19103F-16F7-4668-BE54-9A1E7A4F7556}") = "Eryph.ConfigModel.Core.Validation.Tests", "test\Eryph.ConfigModel.Core.Validation.Tests\Eryph.ConfigModel.Core.Validation.Tests.csproj", "{910912B2-2521-4295-BA51-D44D61E077AC}"
EndProject
Project("{FAE04EC0-301F-11D3-BF4B-00C04F79EFBC}") = "Eryph.ConfigModel.Catlets.Json", "src\Eryph.ConfigModel.Catlets.Json\Eryph.ConfigModel.Catlets.Json.csproj", "{90372C07-8A9C-4E47-9F54-D4457BBCFC2B}"
EndProject
Project("{FAE04EC0-301F-11D3-BF4B-00C04F79EFBC}") = "Eryph.ConfigModel.Networks.Json", "src\Eryph.ConfigModel.Networks.Json\Eryph.ConfigModel.Networks.Json.csproj", "{5E4668FE-8AE2-44E3-B697-2688B2E82BA7}"
EndProject
Global
	GlobalSection(SolutionConfigurationPlatforms) = preSolution
		Debug|Any CPU = Debug|Any CPU
		Release|Any CPU = Release|Any CPU
	EndGlobalSection
	GlobalSection(ProjectConfigurationPlatforms) = postSolution
		{C71E688F-5BB5-4350-BD76-0CF0E2EC9473}.Debug|Any CPU.ActiveCfg = Debug|Any CPU
		{C71E688F-5BB5-4350-BD76-0CF0E2EC9473}.Debug|Any CPU.Build.0 = Debug|Any CPU
		{C71E688F-5BB5-4350-BD76-0CF0E2EC9473}.Release|Any CPU.ActiveCfg = Release|Any CPU
		{C71E688F-5BB5-4350-BD76-0CF0E2EC9473}.Release|Any CPU.Build.0 = Release|Any CPU
		{623F96D9-863D-4B21-9B88-9C76850B5996}.Debug|Any CPU.ActiveCfg = Debug|Any CPU
		{623F96D9-863D-4B21-9B88-9C76850B5996}.Debug|Any CPU.Build.0 = Debug|Any CPU
		{623F96D9-863D-4B21-9B88-9C76850B5996}.Release|Any CPU.ActiveCfg = Release|Any CPU
		{623F96D9-863D-4B21-9B88-9C76850B5996}.Release|Any CPU.Build.0 = Release|Any CPU
		{36BEDF84-9E74-4A6A-A8B3-5D0FF7D2CCF1}.Debug|Any CPU.ActiveCfg = Debug|Any CPU
		{36BEDF84-9E74-4A6A-A8B3-5D0FF7D2CCF1}.Debug|Any CPU.Build.0 = Debug|Any CPU
		{36BEDF84-9E74-4A6A-A8B3-5D0FF7D2CCF1}.Release|Any CPU.ActiveCfg = Release|Any CPU
		{36BEDF84-9E74-4A6A-A8B3-5D0FF7D2CCF1}.Release|Any CPU.Build.0 = Release|Any CPU
		{1A16AF8E-9F3F-4F11-89D4-22EDFF62FCC7}.Debug|Any CPU.ActiveCfg = Debug|Any CPU
		{1A16AF8E-9F3F-4F11-89D4-22EDFF62FCC7}.Debug|Any CPU.Build.0 = Debug|Any CPU
		{1A16AF8E-9F3F-4F11-89D4-22EDFF62FCC7}.Release|Any CPU.ActiveCfg = Release|Any CPU
		{1A16AF8E-9F3F-4F11-89D4-22EDFF62FCC7}.Release|Any CPU.Build.0 = Release|Any CPU
		{17C56C7B-6D72-4A97-9071-05914C2B8434}.Debug|Any CPU.ActiveCfg = Debug|Any CPU
		{17C56C7B-6D72-4A97-9071-05914C2B8434}.Debug|Any CPU.Build.0 = Debug|Any CPU
		{17C56C7B-6D72-4A97-9071-05914C2B8434}.Release|Any CPU.ActiveCfg = Release|Any CPU
		{17C56C7B-6D72-4A97-9071-05914C2B8434}.Release|Any CPU.Build.0 = Release|Any CPU
		{A4C99176-29CE-4AE1-BE05-DA2337AC8EE2}.Debug|Any CPU.ActiveCfg = Debug|Any CPU
		{A4C99176-29CE-4AE1-BE05-DA2337AC8EE2}.Debug|Any CPU.Build.0 = Debug|Any CPU
		{A4C99176-29CE-4AE1-BE05-DA2337AC8EE2}.Release|Any CPU.ActiveCfg = Release|Any CPU
		{A4C99176-29CE-4AE1-BE05-DA2337AC8EE2}.Release|Any CPU.Build.0 = Release|Any CPU
		{A84B3397-1572-4F17-AE73-ADE42AE61DA9}.Debug|Any CPU.ActiveCfg = Debug|Any CPU
		{A84B3397-1572-4F17-AE73-ADE42AE61DA9}.Debug|Any CPU.Build.0 = Debug|Any CPU
		{A84B3397-1572-4F17-AE73-ADE42AE61DA9}.Release|Any CPU.ActiveCfg = Release|Any CPU
		{A84B3397-1572-4F17-AE73-ADE42AE61DA9}.Release|Any CPU.Build.0 = Release|Any CPU
		{5B8E1D21-50D9-4EC7-9775-D831A4E65664}.Debug|Any CPU.ActiveCfg = Debug|Any CPU
		{5B8E1D21-50D9-4EC7-9775-D831A4E65664}.Debug|Any CPU.Build.0 = Debug|Any CPU
		{5B8E1D21-50D9-4EC7-9775-D831A4E65664}.Release|Any CPU.ActiveCfg = Release|Any CPU
		{5B8E1D21-50D9-4EC7-9775-D831A4E65664}.Release|Any CPU.Build.0 = Release|Any CPU
		{B58D8917-6B08-4B4E-90FB-CD58DC0DFBEB}.Debug|Any CPU.ActiveCfg = Debug|Any CPU
		{B58D8917-6B08-4B4E-90FB-CD58DC0DFBEB}.Debug|Any CPU.Build.0 = Debug|Any CPU
		{B58D8917-6B08-4B4E-90FB-CD58DC0DFBEB}.Release|Any CPU.ActiveCfg = Release|Any CPU
		{B58D8917-6B08-4B4E-90FB-CD58DC0DFBEB}.Release|Any CPU.Build.0 = Release|Any CPU
		{D6E54F22-FAE7-48F0-89C1-92BE22C215CE}.Debug|Any CPU.ActiveCfg = Debug|Any CPU
		{D6E54F22-FAE7-48F0-89C1-92BE22C215CE}.Debug|Any CPU.Build.0 = Debug|Any CPU
		{D6E54F22-FAE7-48F0-89C1-92BE22C215CE}.Release|Any CPU.ActiveCfg = Release|Any CPU
		{D6E54F22-FAE7-48F0-89C1-92BE22C215CE}.Release|Any CPU.Build.0 = Release|Any CPU
		{5516B8A9-8AE0-434D-9295-9D43B313440A}.Debug|Any CPU.ActiveCfg = Debug|Any CPU
		{5516B8A9-8AE0-434D-9295-9D43B313440A}.Debug|Any CPU.Build.0 = Debug|Any CPU
		{5516B8A9-8AE0-434D-9295-9D43B313440A}.Release|Any CPU.ActiveCfg = Release|Any CPU
		{5516B8A9-8AE0-434D-9295-9D43B313440A}.Release|Any CPU.Build.0 = Release|Any CPU
		{3CBED338-18C8-42B4-83C9-474AD86887A0}.Debug|Any CPU.ActiveCfg = Debug|Any CPU
		{3CBED338-18C8-42B4-83C9-474AD86887A0}.Debug|Any CPU.Build.0 = Debug|Any CPU
		{3CBED338-18C8-42B4-83C9-474AD86887A0}.Release|Any CPU.ActiveCfg = Release|Any CPU
		{3CBED338-18C8-42B4-83C9-474AD86887A0}.Release|Any CPU.Build.0 = Release|Any CPU
		{048C9E53-53CD-4891-AAD9-9429021D5283}.Debug|Any CPU.ActiveCfg = Debug|Any CPU
		{048C9E53-53CD-4891-AAD9-9429021D5283}.Debug|Any CPU.Build.0 = Debug|Any CPU
		{048C9E53-53CD-4891-AAD9-9429021D5283}.Release|Any CPU.ActiveCfg = Release|Any CPU
		{048C9E53-53CD-4891-AAD9-9429021D5283}.Release|Any CPU.Build.0 = Release|Any CPU
		{910912B2-2521-4295-BA51-D44D61E077AC}.Debug|Any CPU.ActiveCfg = Debug|Any CPU
		{910912B2-2521-4295-BA51-D44D61E077AC}.Debug|Any CPU.Build.0 = Debug|Any CPU
		{910912B2-2521-4295-BA51-D44D61E077AC}.Release|Any CPU.ActiveCfg = Release|Any CPU
		{910912B2-2521-4295-BA51-D44D61E077AC}.Release|Any CPU.Build.0 = Release|Any CPU
		{90372C07-8A9C-4E47-9F54-D4457BBCFC2B}.Debug|Any CPU.ActiveCfg = Debug|Any CPU
		{90372C07-8A9C-4E47-9F54-D4457BBCFC2B}.Debug|Any CPU.Build.0 = Debug|Any CPU
		{90372C07-8A9C-4E47-9F54-D4457BBCFC2B}.Release|Any CPU.ActiveCfg = Release|Any CPU
		{90372C07-8A9C-4E47-9F54-D4457BBCFC2B}.Release|Any CPU.Build.0 = Release|Any CPU
		{5E4668FE-8AE2-44E3-B697-2688B2E82BA7}.Debug|Any CPU.ActiveCfg = Debug|Any CPU
		{5E4668FE-8AE2-44E3-B697-2688B2E82BA7}.Debug|Any CPU.Build.0 = Debug|Any CPU
		{5E4668FE-8AE2-44E3-B697-2688B2E82BA7}.Release|Any CPU.ActiveCfg = Release|Any CPU
		{5E4668FE-8AE2-44E3-B697-2688B2E82BA7}.Release|Any CPU.Build.0 = Release|Any CPU
	EndGlobalSection
	GlobalSection(SolutionProperties) = preSolution
		HideSolutionNode = FALSE
	EndGlobalSection
	GlobalSection(ExtensibilityGlobals) = postSolution
		SolutionGuid = {AF3A410F-947D-4DFB-AA72-CC1E605633B5}
	EndGlobalSection
EndGlobal
